
Microsoft Visual Studio Solution File, Format Version 12.00
# Visual Studio Version 16
VisualStudioVersion = 16.0.30907.101
MinimumVisualStudioVersion = 10.0.40219.1
Project("{9A19103F-16F7-4668-BE54-9A1E7A4F7556}") = "KeysManager.Domain", "src\Services\KeysManager\KeysManager.Domain\KeysManager.Domain.csproj", "{401B831F-3B11-42CE-BCBA-3005BA9ADF79}"
EndProject
Project("{2150E333-8FDC-42A3-9474-1A3956D46DE8}") = "src", "src", "{BA0F94F4-98B7-48DC-943B-FCEC7C3E1B8C}"
EndProject
Project("{9A19103F-16F7-4668-BE54-9A1E7A4F7556}") = "KeysManager", "src\Services\KeysManager\KeysManager\KeysManager.csproj", "{DBA38783-E532-4484-99E6-9108B2FBB59B}"
EndProject
Project("{9A19103F-16F7-4668-BE54-9A1E7A4F7556}") = "KeysManager.UnitTests", "src\Services\KeysManager\KeysManager.UnitTests\KeysManager.UnitTests.csproj", "{CEFE8CB2-E009-46BB-9366-24DBB62EFDFB}"
EndProject
Project("{2150E333-8FDC-42A3-9474-1A3956D46DE8}") = "KeysManager", "KeysManager", "{FB4BFE70-5825-43CC-9DFA-084684DDDADB}"
EndProject
Project("{9A19103F-16F7-4668-BE54-9A1E7A4F7556}") = "ApiGateway.Web", "src\ApiGateway.Web\ApiGateway.Web.csproj", "{E384A76F-FC9C-4015-91E0-4DE9065BF1AB}"
EndProject
Project("{2150E333-8FDC-42A3-9474-1A3956D46DE8}") = "Url", "Url", "{5DC24F8E-6C45-45DE-BC94-B0B57431D275}"
EndProject
Project("{9A19103F-16F7-4668-BE54-9A1E7A4F7556}") = "Url", "src\Services\Url\Url\Url.csproj", "{AF4C898A-E4E3-48A4-9053-C865EF6C30D7}"
EndProject
Project("{2150E333-8FDC-42A3-9474-1A3956D46DE8}") = "Common", "Common", "{C0E0C930-E514-4005-99ED-F52AE7CA095E}"
EndProject
Project("{9A19103F-16F7-4668-BE54-9A1E7A4F7556}") = "Shared.Domain", "src\Common\Shared.Domain\Shared.Domain.csproj", "{F5253233-D648-4C40-BEE4-5451215E3728}"
EndProject
Project("{9A19103F-16F7-4668-BE54-9A1E7A4F7556}") = "Shared.Domain.UnitTests", "src\Common\Shared.Domain.UnitTests\Shared.Domain.UnitTests.csproj", "{E5044E04-682E-4DD6-9313-A185793B438A}"
EndProject
Project("{2150E333-8FDC-42A3-9474-1A3956D46DE8}") = "Association", "Association", "{B94BAA59-481F-4CF5-B6BD-90CE44B8EA90}"
EndProject
Project("{9A19103F-16F7-4668-BE54-9A1E7A4F7556}") = "Association", "src\Services\Association\Association\Association.csproj", "{C7C6C56E-2144-4A04-BB77-C879EDB676C6}"
EndProject
Project("{2150E333-8FDC-42A3-9474-1A3956D46DE8}") = "Services", "Services", "{A067BB0C-28DD-4F44-B049-DAD77E63C516}"
EndProject
Project("{9A19103F-16F7-4668-BE54-9A1E7A4F7556}") = "KeysManager.Infrastructure", "src\Services\KeysManager\KeysManager.Infrastructure\KeysManager.Infrastructure.csproj", "{65F2CE57-261D-4758-8F98-720CE58A6236}"
EndProject
Project("{9A19103F-16F7-4668-BE54-9A1E7A4F7556}") = "Shared.Infrastructure", "src\Common\Shared.Infrastructure\Shared.Infrastructure.csproj", "{E872F917-E7C9-4866-BAFA-3FB00B9CE693}"
EndProject
Project("{FAE04EC0-301F-11D3-BF4B-00C04F79EFBC}") = "Association.Domain", "src\Services\Association\Association.Domain\Association.Domain.csproj", "{8CD170A3-500B-41F9-B46E-A10E8C49FD32}"
EndProject
Project("{FAE04EC0-301F-11D3-BF4B-00C04F79EFBC}") = "Association.Infrastructure", "src\Services\Association\Association.Infrastructure\Association.Infrastructure.csproj", "{D35437EC-6045-4473-A5A0-9E0012AE42CF}"
EndProject
Project("{FAE04EC0-301F-11D3-BF4B-00C04F79EFBC}") = "Url.Domain", "src\Services\Url\Url.Domain\Url.Domain.csproj", "{4547E5DC-FD8D-4018-BA50-68B3B676E512}"
EndProject
Global
	GlobalSection(SolutionConfigurationPlatforms) = preSolution
		Debug|Any CPU = Debug|Any CPU
		Release|Any CPU = Release|Any CPU
	EndGlobalSection
	GlobalSection(ProjectConfigurationPlatforms) = postSolution
		{401B831F-3B11-42CE-BCBA-3005BA9ADF79}.Debug|Any CPU.ActiveCfg = Debug|Any CPU
		{401B831F-3B11-42CE-BCBA-3005BA9ADF79}.Debug|Any CPU.Build.0 = Debug|Any CPU
		{401B831F-3B11-42CE-BCBA-3005BA9ADF79}.Release|Any CPU.ActiveCfg = Release|Any CPU
		{401B831F-3B11-42CE-BCBA-3005BA9ADF79}.Release|Any CPU.Build.0 = Release|Any CPU
		{DBA38783-E532-4484-99E6-9108B2FBB59B}.Debug|Any CPU.ActiveCfg = Debug|Any CPU
		{DBA38783-E532-4484-99E6-9108B2FBB59B}.Debug|Any CPU.Build.0 = Debug|Any CPU
		{DBA38783-E532-4484-99E6-9108B2FBB59B}.Release|Any CPU.ActiveCfg = Release|Any CPU
		{DBA38783-E532-4484-99E6-9108B2FBB59B}.Release|Any CPU.Build.0 = Release|Any CPU
		{CEFE8CB2-E009-46BB-9366-24DBB62EFDFB}.Debug|Any CPU.ActiveCfg = Debug|Any CPU
		{CEFE8CB2-E009-46BB-9366-24DBB62EFDFB}.Debug|Any CPU.Build.0 = Debug|Any CPU
		{CEFE8CB2-E009-46BB-9366-24DBB62EFDFB}.Release|Any CPU.ActiveCfg = Release|Any CPU
		{CEFE8CB2-E009-46BB-9366-24DBB62EFDFB}.Release|Any CPU.Build.0 = Release|Any CPU
		{E384A76F-FC9C-4015-91E0-4DE9065BF1AB}.Debug|Any CPU.ActiveCfg = Debug|Any CPU
		{E384A76F-FC9C-4015-91E0-4DE9065BF1AB}.Debug|Any CPU.Build.0 = Debug|Any CPU
		{E384A76F-FC9C-4015-91E0-4DE9065BF1AB}.Release|Any CPU.ActiveCfg = Release|Any CPU
		{E384A76F-FC9C-4015-91E0-4DE9065BF1AB}.Release|Any CPU.Build.0 = Release|Any CPU
		{AF4C898A-E4E3-48A4-9053-C865EF6C30D7}.Debug|Any CPU.ActiveCfg = Debug|Any CPU
		{AF4C898A-E4E3-48A4-9053-C865EF6C30D7}.Debug|Any CPU.Build.0 = Debug|Any CPU
		{AF4C898A-E4E3-48A4-9053-C865EF6C30D7}.Release|Any CPU.ActiveCfg = Release|Any CPU
		{AF4C898A-E4E3-48A4-9053-C865EF6C30D7}.Release|Any CPU.Build.0 = Release|Any CPU
		{F5253233-D648-4C40-BEE4-5451215E3728}.Debug|Any CPU.ActiveCfg = Debug|Any CPU
		{F5253233-D648-4C40-BEE4-5451215E3728}.Debug|Any CPU.Build.0 = Debug|Any CPU
		{F5253233-D648-4C40-BEE4-5451215E3728}.Release|Any CPU.ActiveCfg = Release|Any CPU
		{F5253233-D648-4C40-BEE4-5451215E3728}.Release|Any CPU.Build.0 = Release|Any CPU
		{E5044E04-682E-4DD6-9313-A185793B438A}.Debug|Any CPU.ActiveCfg = Debug|Any CPU
		{E5044E04-682E-4DD6-9313-A185793B438A}.Debug|Any CPU.Build.0 = Debug|Any CPU
		{E5044E04-682E-4DD6-9313-A185793B438A}.Release|Any CPU.ActiveCfg = Release|Any CPU
		{E5044E04-682E-4DD6-9313-A185793B438A}.Release|Any CPU.Build.0 = Release|Any CPU
		{C7C6C56E-2144-4A04-BB77-C879EDB676C6}.Debug|Any CPU.ActiveCfg = Debug|Any CPU
		{C7C6C56E-2144-4A04-BB77-C879EDB676C6}.Debug|Any CPU.Build.0 = Debug|Any CPU
		{C7C6C56E-2144-4A04-BB77-C879EDB676C6}.Release|Any CPU.ActiveCfg = Release|Any CPU
		{C7C6C56E-2144-4A04-BB77-C879EDB676C6}.Release|Any CPU.Build.0 = Release|Any CPU
		{65F2CE57-261D-4758-8F98-720CE58A6236}.Debug|Any CPU.ActiveCfg = Debug|Any CPU
		{65F2CE57-261D-4758-8F98-720CE58A6236}.Debug|Any CPU.Build.0 = Debug|Any CPU
		{65F2CE57-261D-4758-8F98-720CE58A6236}.Release|Any CPU.ActiveCfg = Release|Any CPU
		{65F2CE57-261D-4758-8F98-720CE58A6236}.Release|Any CPU.Build.0 = Release|Any CPU
		{E872F917-E7C9-4866-BAFA-3FB00B9CE693}.Debug|Any CPU.ActiveCfg = Debug|Any CPU
		{E872F917-E7C9-4866-BAFA-3FB00B9CE693}.Debug|Any CPU.Build.0 = Debug|Any CPU
		{E872F917-E7C9-4866-BAFA-3FB00B9CE693}.Release|Any CPU.ActiveCfg = Release|Any CPU
		{E872F917-E7C9-4866-BAFA-3FB00B9CE693}.Release|Any CPU.Build.0 = Release|Any CPU
		{8CD170A3-500B-41F9-B46E-A10E8C49FD32}.Debug|Any CPU.ActiveCfg = Debug|Any CPU
		{8CD170A3-500B-41F9-B46E-A10E8C49FD32}.Debug|Any CPU.Build.0 = Debug|Any CPU
		{8CD170A3-500B-41F9-B46E-A10E8C49FD32}.Release|Any CPU.ActiveCfg = Release|Any CPU
		{8CD170A3-500B-41F9-B46E-A10E8C49FD32}.Release|Any CPU.Build.0 = Release|Any CPU
		{D35437EC-6045-4473-A5A0-9E0012AE42CF}.Debug|Any CPU.ActiveCfg = Debug|Any CPU
		{D35437EC-6045-4473-A5A0-9E0012AE42CF}.Debug|Any CPU.Build.0 = Debug|Any CPU
		{D35437EC-6045-4473-A5A0-9E0012AE42CF}.Release|Any CPU.ActiveCfg = Release|Any CPU
		{D35437EC-6045-4473-A5A0-9E0012AE42CF}.Release|Any CPU.Build.0 = Release|Any CPU
		{4547E5DC-FD8D-4018-BA50-68B3B676E512}.Debug|Any CPU.ActiveCfg = Debug|Any CPU
		{4547E5DC-FD8D-4018-BA50-68B3B676E512}.Debug|Any CPU.Build.0 = Debug|Any CPU
		{4547E5DC-FD8D-4018-BA50-68B3B676E512}.Release|Any CPU.ActiveCfg = Release|Any CPU
		{4547E5DC-FD8D-4018-BA50-68B3B676E512}.Release|Any CPU.Build.0 = Release|Any CPU
	EndGlobalSection
	GlobalSection(SolutionProperties) = preSolution
		HideSolutionNode = FALSE
	EndGlobalSection
	GlobalSection(NestedProjects) = preSolution
		{401B831F-3B11-42CE-BCBA-3005BA9ADF79} = {FB4BFE70-5825-43CC-9DFA-084684DDDADB}
		{DBA38783-E532-4484-99E6-9108B2FBB59B} = {FB4BFE70-5825-43CC-9DFA-084684DDDADB}
		{CEFE8CB2-E009-46BB-9366-24DBB62EFDFB} = {FB4BFE70-5825-43CC-9DFA-084684DDDADB}
		{FB4BFE70-5825-43CC-9DFA-084684DDDADB} = {A067BB0C-28DD-4F44-B049-DAD77E63C516}
		{E384A76F-FC9C-4015-91E0-4DE9065BF1AB} = {BA0F94F4-98B7-48DC-943B-FCEC7C3E1B8C}
		{5DC24F8E-6C45-45DE-BC94-B0B57431D275} = {A067BB0C-28DD-4F44-B049-DAD77E63C516}
		{AF4C898A-E4E3-48A4-9053-C865EF6C30D7} = {5DC24F8E-6C45-45DE-BC94-B0B57431D275}
		{C0E0C930-E514-4005-99ED-F52AE7CA095E} = {BA0F94F4-98B7-48DC-943B-FCEC7C3E1B8C}
		{F5253233-D648-4C40-BEE4-5451215E3728} = {C0E0C930-E514-4005-99ED-F52AE7CA095E}
		{E5044E04-682E-4DD6-9313-A185793B438A} = {C0E0C930-E514-4005-99ED-F52AE7CA095E}
		{B94BAA59-481F-4CF5-B6BD-90CE44B8EA90} = {A067BB0C-28DD-4F44-B049-DAD77E63C516}
		{C7C6C56E-2144-4A04-BB77-C879EDB676C6} = {B94BAA59-481F-4CF5-B6BD-90CE44B8EA90}
		{A067BB0C-28DD-4F44-B049-DAD77E63C516} = {BA0F94F4-98B7-48DC-943B-FCEC7C3E1B8C}
		{65F2CE57-261D-4758-8F98-720CE58A6236} = {FB4BFE70-5825-43CC-9DFA-084684DDDADB}
		{E872F917-E7C9-4866-BAFA-3FB00B9CE693} = {C0E0C930-E514-4005-99ED-F52AE7CA095E}
		{8CD170A3-500B-41F9-B46E-A10E8C49FD32} = {B94BAA59-481F-4CF5-B6BD-90CE44B8EA90}
		{D35437EC-6045-4473-A5A0-9E0012AE42CF} = {B94BAA59-481F-4CF5-B6BD-90CE44B8EA90}
		{4547E5DC-FD8D-4018-BA50-68B3B676E512} = {5DC24F8E-6C45-45DE-BC94-B0B57431D275}
	EndGlobalSection
	GlobalSection(ExtensibilityGlobals) = postSolution
		SolutionGuid = {30D8748F-E3EC-4442-96F7-54563B6FF0EE}
	EndGlobalSection
EndGlobal
